
Microsoft Visual Studio Solution File, Format Version 12.00
# Visual Studio Version 17
VisualStudioVersion = 17.11.35312.102
MinimumVisualStudioVersion = 10.0.40219.1
Project("{FAE04EC0-301F-11D3-BF4B-00C04F79EFBC}") = "11_03_2025", "11_03_2025\11_03_2025.csproj", "{C410184C-2904-4C8A-8413-F69BE6C5EBCE}"
EndProject
Global
	GlobalSection(SolutionConfigurationPlatforms) = preSolution
		Debug|Any CPU = Debug|Any CPU
		Release|Any CPU = Release|Any CPU
	EndGlobalSection
	GlobalSection(ProjectConfigurationPlatforms) = postSolution
		{C410184C-2904-4C8A-8413-F69BE6C5EBCE}.Debug|Any CPU.ActiveCfg = Debug|Any CPU
		{C410184C-2904-4C8A-8413-F69BE6C5EBCE}.Debug|Any CPU.Build.0 = Debug|Any CPU
		{C410184C-2904-4C8A-8413-F69BE6C5EBCE}.Release|Any CPU.ActiveCfg = Release|Any CPU
		{C410184C-2904-4C8A-8413-F69BE6C5EBCE}.Release|Any CPU.Build.0 = Release|Any CPU
	EndGlobalSection
	GlobalSection(SolutionProperties) = preSolution
		HideSolutionNode = FALSE
	EndGlobalSection
	GlobalSection(ExtensibilityGlobals) = postSolution
		SolutionGuid = {E4A4C871-224D-4F76-A766-2CB332661C05}
	EndGlobalSection
EndGlobal
