
Microsoft Visual Studio Solution File, Format Version 12.00
# Visual Studio Version 17
VisualStudioVersion = 17.0.31903.59
MinimumVisualStudioVersion = 10.0.40219.1
Project("{FAE04EC0-301F-11D3-BF4B-00C04F79EFBC}") = "Cap20Es1", "Cap20Es1\Cap20Es1.csproj", "{8F3F4850-0377-49BF-BD1E-1EA6820E409F}"
EndProject
Project("{FAE04EC0-301F-11D3-BF4B-00C04F79EFBC}") = "EsempiCap14", "EserciziCap14\EsempiCap14.csproj", "{1973C8B6-569C-42ED-8D3C-74E562C73A79}"
EndProject
Project("{FAE04EC0-301F-11D3-BF4B-00C04F79EFBC}") = "Cap14Es1", "Cap14Es1\Cap14Es1.csproj", "{8FD0389F-8802-431A-B22D-D7E65F927CCC}"
EndProject
Project("{FAE04EC0-301F-11D3-BF4B-00C04F79EFBC}") = "Esercizio4", "Esercizio4\Esercizio4.csproj", "{2F83BA92-2199-4BEF-B094-7C4A91402955}"
EndProject
Project("{FAE04EC0-301F-11D3-BF4B-00C04F79EFBC}") = "Esercizio9", "Esercizio9\Esercizio9.csproj", "{FDBA124C-3DEA-4B9B-9674-AFC9E4DE7152}"
EndProject
Project("{FAE04EC0-301F-11D3-BF4B-00C04F79EFBC}") = "IntroObjects", "IntroObjects\IntroObjects.csproj", "{877A4006-2EE3-4063-A017-28CF158D1970}"
EndProject
Project("{FAE04EC0-301F-11D3-BF4B-00C04F79EFBC}") = "OOP_Principles", "OOP_Principles\OOP_Principles.csproj", "{3AF8C858-143E-4D8D-8A33-64E1FE35B612}"
EndProject
Project("{FAE04EC0-301F-11D3-BF4B-00C04F79EFBC}") = "Esercitazione1", "Esercitazione1\Esercitazione1.csproj", "{D6A172B8-B19A-4818-A62E-0BF8DFC6539D}"
EndProject
Project("{FAE04EC0-301F-11D3-BF4B-00C04F79EFBC}") = "Pag851_Es5", "Pag851_Es5\Pag851_Es5.csproj", "{3A0D8813-1085-402A-B986-AAA813ACE71E}"
EndProject
Project("{FAE04EC0-301F-11D3-BF4B-00C04F79EFBC}") = "EsercitazioneClassi1", "EsercitazioneClassi1\EsercitazioneClassi1.csproj", "{5EECDE5A-30C1-4E53-A7E5-3B40158DC1DC}"
EndProject
Project("{FAE04EC0-301F-11D3-BF4B-00C04F79EFBC}") = "I", "I\I.csproj", "{31ACF32F-927F-4DA7-B908-D308746532B1}"
EndProject
Project("{2150E333-8FDC-42A3-9474-1A3956D46DE8}") = "18_03_2025", "18_03_2025", "{F9D03BD5-4113-4FFE-9B4C-41548DF3E71A}"
EndProject
Project("{FAE04EC0-301F-11D3-BF4B-00C04F79EFBC}") = "18_03_2025", "18_03_2025\18_03_2025\18_03_2025.csproj", "{C032EF14-8825-488F-B8CC-2EBAB4CF621F}"
EndProject
Project("{FAE04EC0-301F-11D3-BF4B-00C04F79EFBC}") = "EsInterfacce", "EsInterfacce\EsInterfacce.csproj", "{092F1661-74BB-4B7A-8B0E-8E36691F1B74}"
EndProject
Project("{FAE04EC0-301F-11D3-BF4B-00C04F79EFBC}") = "CustomerCareBot", "CustomerCareBot\CustomerCareBot.csproj", "{24FE8881-8569-4993-8005-367F33130EBD}"
EndProject
Project("{2150E333-8FDC-42A3-9474-1A3956D46DE8}") = "Biblioteca", "Biblioteca", "{0EAEE99C-2411-428B-B5DE-13FC8EDEC4B5}"
EndProject
Project("{FAE04EC0-301F-11D3-BF4B-00C04F79EFBC}") = "26_03_2025", "26_03_2025\26_03_2025\26_03_2025.csproj", "{588E9B8E-CF05-418F-9911-ECC7EB03154D}"
EndProject
Project("{FAE04EC0-301F-11D3-BF4B-00C04F79EFBC}") = "Rubrica", "Rubrica\Rubrica.csproj", "{C231CB81-9C04-4889-9D5E-6C79153D4C96}"
EndProject
Project("{2150E333-8FDC-42A3-9474-1A3956D46DE8}") = "10_04_2025", "10_04_2025", "{0CA342DE-0E0F-EC40-7F00-AA3E263CA2AE}"
	ProjectSection(SolutionItems) = preProject
		aaa.csv = aaa.csv
	EndProjectSection
EndProject
Project("{FAE04EC0-301F-11D3-BF4B-00C04F79EFBC}") = "10_04_2025", "10_04_2025\10_04_2025\10_04_2025.csproj", "{6DEE9960-35A5-4FD7-AFC9-D8B0EADD0372}"
EndProject
Global
	GlobalSection(SolutionConfigurationPlatforms) = preSolution
		Debug|Any CPU = Debug|Any CPU
		Debug|x64 = Debug|x64
		Debug|x86 = Debug|x86
		Release|Any CPU = Release|Any CPU
		Release|x64 = Release|x64
		Release|x86 = Release|x86
	EndGlobalSection
	GlobalSection(ProjectConfigurationPlatforms) = postSolution
		{8F3F4850-0377-49BF-BD1E-1EA6820E409F}.Debug|Any CPU.ActiveCfg = Debug|Any CPU
		{8F3F4850-0377-49BF-BD1E-1EA6820E409F}.Debug|Any CPU.Build.0 = Debug|Any CPU
		{8F3F4850-0377-49BF-BD1E-1EA6820E409F}.Debug|x64.ActiveCfg = Debug|Any CPU
		{8F3F4850-0377-49BF-BD1E-1EA6820E409F}.Debug|x64.Build.0 = Debug|Any CPU
		{8F3F4850-0377-49BF-BD1E-1EA6820E409F}.Debug|x86.ActiveCfg = Debug|Any CPU
		{8F3F4850-0377-49BF-BD1E-1EA6820E409F}.Debug|x86.Build.0 = Debug|Any CPU
		{8F3F4850-0377-49BF-BD1E-1EA6820E409F}.Release|Any CPU.ActiveCfg = Release|Any CPU
		{8F3F4850-0377-49BF-BD1E-1EA6820E409F}.Release|Any CPU.Build.0 = Release|Any CPU
		{8F3F4850-0377-49BF-BD1E-1EA6820E409F}.Release|x64.ActiveCfg = Release|Any CPU
		{8F3F4850-0377-49BF-BD1E-1EA6820E409F}.Release|x64.Build.0 = Release|Any CPU
		{8F3F4850-0377-49BF-BD1E-1EA6820E409F}.Release|x86.ActiveCfg = Release|Any CPU
		{8F3F4850-0377-49BF-BD1E-1EA6820E409F}.Release|x86.Build.0 = Release|Any CPU
		{1973C8B6-569C-42ED-8D3C-74E562C73A79}.Debug|Any CPU.ActiveCfg = Debug|Any CPU
		{1973C8B6-569C-42ED-8D3C-74E562C73A79}.Debug|Any CPU.Build.0 = Debug|Any CPU
		{1973C8B6-569C-42ED-8D3C-74E562C73A79}.Debug|x64.ActiveCfg = Debug|Any CPU
		{1973C8B6-569C-42ED-8D3C-74E562C73A79}.Debug|x64.Build.0 = Debug|Any CPU
		{1973C8B6-569C-42ED-8D3C-74E562C73A79}.Debug|x86.ActiveCfg = Debug|Any CPU
		{1973C8B6-569C-42ED-8D3C-74E562C73A79}.Debug|x86.Build.0 = Debug|Any CPU
		{1973C8B6-569C-42ED-8D3C-74E562C73A79}.Release|Any CPU.ActiveCfg = Release|Any CPU
		{1973C8B6-569C-42ED-8D3C-74E562C73A79}.Release|Any CPU.Build.0 = Release|Any CPU
		{1973C8B6-569C-42ED-8D3C-74E562C73A79}.Release|x64.ActiveCfg = Release|Any CPU
		{1973C8B6-569C-42ED-8D3C-74E562C73A79}.Release|x64.Build.0 = Release|Any CPU
		{1973C8B6-569C-42ED-8D3C-74E562C73A79}.Release|x86.ActiveCfg = Release|Any CPU
		{1973C8B6-569C-42ED-8D3C-74E562C73A79}.Release|x86.Build.0 = Release|Any CPU
		{8FD0389F-8802-431A-B22D-D7E65F927CCC}.Debug|Any CPU.ActiveCfg = Debug|Any CPU
		{8FD0389F-8802-431A-B22D-D7E65F927CCC}.Debug|Any CPU.Build.0 = Debug|Any CPU
		{8FD0389F-8802-431A-B22D-D7E65F927CCC}.Debug|x64.ActiveCfg = Debug|Any CPU
		{8FD0389F-8802-431A-B22D-D7E65F927CCC}.Debug|x64.Build.0 = Debug|Any CPU
		{8FD0389F-8802-431A-B22D-D7E65F927CCC}.Debug|x86.ActiveCfg = Debug|Any CPU
		{8FD0389F-8802-431A-B22D-D7E65F927CCC}.Debug|x86.Build.0 = Debug|Any CPU
		{8FD0389F-8802-431A-B22D-D7E65F927CCC}.Release|Any CPU.ActiveCfg = Release|Any CPU
		{8FD0389F-8802-431A-B22D-D7E65F927CCC}.Release|Any CPU.Build.0 = Release|Any CPU
		{8FD0389F-8802-431A-B22D-D7E65F927CCC}.Release|x64.ActiveCfg = Release|Any CPU
		{8FD0389F-8802-431A-B22D-D7E65F927CCC}.Release|x64.Build.0 = Release|Any CPU
		{8FD0389F-8802-431A-B22D-D7E65F927CCC}.Release|x86.ActiveCfg = Release|Any CPU
		{8FD0389F-8802-431A-B22D-D7E65F927CCC}.Release|x86.Build.0 = Release|Any CPU
		{2F83BA92-2199-4BEF-B094-7C4A91402955}.Debug|Any CPU.ActiveCfg = Debug|Any CPU
		{2F83BA92-2199-4BEF-B094-7C4A91402955}.Debug|Any CPU.Build.0 = Debug|Any CPU
		{2F83BA92-2199-4BEF-B094-7C4A91402955}.Debug|x64.ActiveCfg = Debug|Any CPU
		{2F83BA92-2199-4BEF-B094-7C4A91402955}.Debug|x64.Build.0 = Debug|Any CPU
		{2F83BA92-2199-4BEF-B094-7C4A91402955}.Debug|x86.ActiveCfg = Debug|Any CPU
		{2F83BA92-2199-4BEF-B094-7C4A91402955}.Debug|x86.Build.0 = Debug|Any CPU
		{2F83BA92-2199-4BEF-B094-7C4A91402955}.Release|Any CPU.ActiveCfg = Release|Any CPU
		{2F83BA92-2199-4BEF-B094-7C4A91402955}.Release|Any CPU.Build.0 = Release|Any CPU
		{2F83BA92-2199-4BEF-B094-7C4A91402955}.Release|x64.ActiveCfg = Release|Any CPU
		{2F83BA92-2199-4BEF-B094-7C4A91402955}.Release|x64.Build.0 = Release|Any CPU
		{2F83BA92-2199-4BEF-B094-7C4A91402955}.Release|x86.ActiveCfg = Release|Any CPU
		{2F83BA92-2199-4BEF-B094-7C4A91402955}.Release|x86.Build.0 = Release|Any CPU
		{FDBA124C-3DEA-4B9B-9674-AFC9E4DE7152}.Debug|Any CPU.ActiveCfg = Debug|Any CPU
		{FDBA124C-3DEA-4B9B-9674-AFC9E4DE7152}.Debug|Any CPU.Build.0 = Debug|Any CPU
		{FDBA124C-3DEA-4B9B-9674-AFC9E4DE7152}.Debug|x64.ActiveCfg = Debug|Any CPU
		{FDBA124C-3DEA-4B9B-9674-AFC9E4DE7152}.Debug|x64.Build.0 = Debug|Any CPU
		{FDBA124C-3DEA-4B9B-9674-AFC9E4DE7152}.Debug|x86.ActiveCfg = Debug|Any CPU
		{FDBA124C-3DEA-4B9B-9674-AFC9E4DE7152}.Debug|x86.Build.0 = Debug|Any CPU
		{FDBA124C-3DEA-4B9B-9674-AFC9E4DE7152}.Release|Any CPU.ActiveCfg = Release|Any CPU
		{FDBA124C-3DEA-4B9B-9674-AFC9E4DE7152}.Release|Any CPU.Build.0 = Release|Any CPU
		{FDBA124C-3DEA-4B9B-9674-AFC9E4DE7152}.Release|x64.ActiveCfg = Release|Any CPU
		{FDBA124C-3DEA-4B9B-9674-AFC9E4DE7152}.Release|x64.Build.0 = Release|Any CPU
		{FDBA124C-3DEA-4B9B-9674-AFC9E4DE7152}.Release|x86.ActiveCfg = Release|Any CPU
		{FDBA124C-3DEA-4B9B-9674-AFC9E4DE7152}.Release|x86.Build.0 = Release|Any CPU
		{877A4006-2EE3-4063-A017-28CF158D1970}.Debug|Any CPU.ActiveCfg = Debug|Any CPU
		{877A4006-2EE3-4063-A017-28CF158D1970}.Debug|Any CPU.Build.0 = Debug|Any CPU
		{877A4006-2EE3-4063-A017-28CF158D1970}.Debug|x64.ActiveCfg = Debug|Any CPU
		{877A4006-2EE3-4063-A017-28CF158D1970}.Debug|x64.Build.0 = Debug|Any CPU
		{877A4006-2EE3-4063-A017-28CF158D1970}.Debug|x86.ActiveCfg = Debug|Any CPU
		{877A4006-2EE3-4063-A017-28CF158D1970}.Debug|x86.Build.0 = Debug|Any CPU
		{877A4006-2EE3-4063-A017-28CF158D1970}.Release|Any CPU.ActiveCfg = Release|Any CPU
		{877A4006-2EE3-4063-A017-28CF158D1970}.Release|Any CPU.Build.0 = Release|Any CPU
		{877A4006-2EE3-4063-A017-28CF158D1970}.Release|x64.ActiveCfg = Release|Any CPU
		{877A4006-2EE3-4063-A017-28CF158D1970}.Release|x64.Build.0 = Release|Any CPU
		{877A4006-2EE3-4063-A017-28CF158D1970}.Release|x86.ActiveCfg = Release|Any CPU
		{877A4006-2EE3-4063-A017-28CF158D1970}.Release|x86.Build.0 = Release|Any CPU
		{3AF8C858-143E-4D8D-8A33-64E1FE35B612}.Debug|Any CPU.ActiveCfg = Debug|Any CPU
		{3AF8C858-143E-4D8D-8A33-64E1FE35B612}.Debug|Any CPU.Build.0 = Debug|Any CPU
		{3AF8C858-143E-4D8D-8A33-64E1FE35B612}.Debug|x64.ActiveCfg = Debug|Any CPU
		{3AF8C858-143E-4D8D-8A33-64E1FE35B612}.Debug|x64.Build.0 = Debug|Any CPU
		{3AF8C858-143E-4D8D-8A33-64E1FE35B612}.Debug|x86.ActiveCfg = Debug|Any CPU
		{3AF8C858-143E-4D8D-8A33-64E1FE35B612}.Debug|x86.Build.0 = Debug|Any CPU
		{3AF8C858-143E-4D8D-8A33-64E1FE35B612}.Release|Any CPU.ActiveCfg = Release|Any CPU
		{3AF8C858-143E-4D8D-8A33-64E1FE35B612}.Release|Any CPU.Build.0 = Release|Any CPU
		{3AF8C858-143E-4D8D-8A33-64E1FE35B612}.Release|x64.ActiveCfg = Release|Any CPU
		{3AF8C858-143E-4D8D-8A33-64E1FE35B612}.Release|x64.Build.0 = Release|Any CPU
		{3AF8C858-143E-4D8D-8A33-64E1FE35B612}.Release|x86.ActiveCfg = Release|Any CPU
		{3AF8C858-143E-4D8D-8A33-64E1FE35B612}.Release|x86.Build.0 = Release|Any CPU
		{D6A172B8-B19A-4818-A62E-0BF8DFC6539D}.Debug|Any CPU.ActiveCfg = Debug|Any CPU
		{D6A172B8-B19A-4818-A62E-0BF8DFC6539D}.Debug|Any CPU.Build.0 = Debug|Any CPU
		{D6A172B8-B19A-4818-A62E-0BF8DFC6539D}.Debug|x64.ActiveCfg = Debug|Any CPU
		{D6A172B8-B19A-4818-A62E-0BF8DFC6539D}.Debug|x64.Build.0 = Debug|Any CPU
		{D6A172B8-B19A-4818-A62E-0BF8DFC6539D}.Debug|x86.ActiveCfg = Debug|Any CPU
		{D6A172B8-B19A-4818-A62E-0BF8DFC6539D}.Debug|x86.Build.0 = Debug|Any CPU
		{D6A172B8-B19A-4818-A62E-0BF8DFC6539D}.Release|Any CPU.ActiveCfg = Release|Any CPU
		{D6A172B8-B19A-4818-A62E-0BF8DFC6539D}.Release|Any CPU.Build.0 = Release|Any CPU
		{D6A172B8-B19A-4818-A62E-0BF8DFC6539D}.Release|x64.ActiveCfg = Release|Any CPU
		{D6A172B8-B19A-4818-A62E-0BF8DFC6539D}.Release|x64.Build.0 = Release|Any CPU
		{D6A172B8-B19A-4818-A62E-0BF8DFC6539D}.Release|x86.ActiveCfg = Release|Any CPU
		{D6A172B8-B19A-4818-A62E-0BF8DFC6539D}.Release|x86.Build.0 = Release|Any CPU
		{3A0D8813-1085-402A-B986-AAA813ACE71E}.Debug|Any CPU.ActiveCfg = Debug|Any CPU
		{3A0D8813-1085-402A-B986-AAA813ACE71E}.Debug|Any CPU.Build.0 = Debug|Any CPU
		{3A0D8813-1085-402A-B986-AAA813ACE71E}.Debug|x64.ActiveCfg = Debug|Any CPU
		{3A0D8813-1085-402A-B986-AAA813ACE71E}.Debug|x64.Build.0 = Debug|Any CPU
		{3A0D8813-1085-402A-B986-AAA813ACE71E}.Debug|x86.ActiveCfg = Debug|Any CPU
		{3A0D8813-1085-402A-B986-AAA813ACE71E}.Debug|x86.Build.0 = Debug|Any CPU
		{3A0D8813-1085-402A-B986-AAA813ACE71E}.Release|Any CPU.ActiveCfg = Release|Any CPU
		{3A0D8813-1085-402A-B986-AAA813ACE71E}.Release|Any CPU.Build.0 = Release|Any CPU
		{3A0D8813-1085-402A-B986-AAA813ACE71E}.Release|x64.ActiveCfg = Release|Any CPU
		{3A0D8813-1085-402A-B986-AAA813ACE71E}.Release|x64.Build.0 = Release|Any CPU
		{3A0D8813-1085-402A-B986-AAA813ACE71E}.Release|x86.ActiveCfg = Release|Any CPU
		{3A0D8813-1085-402A-B986-AAA813ACE71E}.Release|x86.Build.0 = Release|Any CPU
		{5EECDE5A-30C1-4E53-A7E5-3B40158DC1DC}.Debug|Any CPU.ActiveCfg = Debug|Any CPU
		{5EECDE5A-30C1-4E53-A7E5-3B40158DC1DC}.Debug|Any CPU.Build.0 = Debug|Any CPU
		{5EECDE5A-30C1-4E53-A7E5-3B40158DC1DC}.Debug|x64.ActiveCfg = Debug|Any CPU
		{5EECDE5A-30C1-4E53-A7E5-3B40158DC1DC}.Debug|x64.Build.0 = Debug|Any CPU
		{5EECDE5A-30C1-4E53-A7E5-3B40158DC1DC}.Debug|x86.ActiveCfg = Debug|Any CPU
		{5EECDE5A-30C1-4E53-A7E5-3B40158DC1DC}.Debug|x86.Build.0 = Debug|Any CPU
		{5EECDE5A-30C1-4E53-A7E5-3B40158DC1DC}.Release|Any CPU.ActiveCfg = Release|Any CPU
		{5EECDE5A-30C1-4E53-A7E5-3B40158DC1DC}.Release|Any CPU.Build.0 = Release|Any CPU
		{5EECDE5A-30C1-4E53-A7E5-3B40158DC1DC}.Release|x64.ActiveCfg = Release|Any CPU
		{5EECDE5A-30C1-4E53-A7E5-3B40158DC1DC}.Release|x64.Build.0 = Release|Any CPU
		{5EECDE5A-30C1-4E53-A7E5-3B40158DC1DC}.Release|x86.ActiveCfg = Release|Any CPU
		{5EECDE5A-30C1-4E53-A7E5-3B40158DC1DC}.Release|x86.Build.0 = Release|Any CPU
		{31ACF32F-927F-4DA7-B908-D308746532B1}.Debug|Any CPU.ActiveCfg = Debug|Any CPU
		{31ACF32F-927F-4DA7-B908-D308746532B1}.Debug|Any CPU.Build.0 = Debug|Any CPU
		{31ACF32F-927F-4DA7-B908-D308746532B1}.Debug|x64.ActiveCfg = Debug|Any CPU
		{31ACF32F-927F-4DA7-B908-D308746532B1}.Debug|x64.Build.0 = Debug|Any CPU
		{31ACF32F-927F-4DA7-B908-D308746532B1}.Debug|x86.ActiveCfg = Debug|Any CPU
		{31ACF32F-927F-4DA7-B908-D308746532B1}.Debug|x86.Build.0 = Debug|Any CPU
		{31ACF32F-927F-4DA7-B908-D308746532B1}.Release|Any CPU.ActiveCfg = Release|Any CPU
		{31ACF32F-927F-4DA7-B908-D308746532B1}.Release|Any CPU.Build.0 = Release|Any CPU
		{31ACF32F-927F-4DA7-B908-D308746532B1}.Release|x64.ActiveCfg = Release|Any CPU
		{31ACF32F-927F-4DA7-B908-D308746532B1}.Release|x64.Build.0 = Release|Any CPU
		{31ACF32F-927F-4DA7-B908-D308746532B1}.Release|x86.ActiveCfg = Release|Any CPU
		{31ACF32F-927F-4DA7-B908-D308746532B1}.Release|x86.Build.0 = Release|Any CPU
		{C032EF14-8825-488F-B8CC-2EBAB4CF621F}.Debug|Any CPU.ActiveCfg = Debug|Any CPU
		{C032EF14-8825-488F-B8CC-2EBAB4CF621F}.Debug|Any CPU.Build.0 = Debug|Any CPU
		{C032EF14-8825-488F-B8CC-2EBAB4CF621F}.Debug|x64.ActiveCfg = Debug|Any CPU
		{C032EF14-8825-488F-B8CC-2EBAB4CF621F}.Debug|x64.Build.0 = Debug|Any CPU
		{C032EF14-8825-488F-B8CC-2EBAB4CF621F}.Debug|x86.ActiveCfg = Debug|Any CPU
		{C032EF14-8825-488F-B8CC-2EBAB4CF621F}.Debug|x86.Build.0 = Debug|Any CPU
		{C032EF14-8825-488F-B8CC-2EBAB4CF621F}.Release|Any CPU.ActiveCfg = Release|Any CPU
		{C032EF14-8825-488F-B8CC-2EBAB4CF621F}.Release|Any CPU.Build.0 = Release|Any CPU
		{C032EF14-8825-488F-B8CC-2EBAB4CF621F}.Release|x64.ActiveCfg = Release|Any CPU
		{C032EF14-8825-488F-B8CC-2EBAB4CF621F}.Release|x64.Build.0 = Release|Any CPU
		{C032EF14-8825-488F-B8CC-2EBAB4CF621F}.Release|x86.ActiveCfg = Release|Any CPU
		{C032EF14-8825-488F-B8CC-2EBAB4CF621F}.Release|x86.Build.0 = Release|Any CPU
		{092F1661-74BB-4B7A-8B0E-8E36691F1B74}.Debug|Any CPU.ActiveCfg = Debug|Any CPU
		{092F1661-74BB-4B7A-8B0E-8E36691F1B74}.Debug|Any CPU.Build.0 = Debug|Any CPU
		{092F1661-74BB-4B7A-8B0E-8E36691F1B74}.Debug|x64.ActiveCfg = Debug|Any CPU
		{092F1661-74BB-4B7A-8B0E-8E36691F1B74}.Debug|x64.Build.0 = Debug|Any CPU
		{092F1661-74BB-4B7A-8B0E-8E36691F1B74}.Debug|x86.ActiveCfg = Debug|Any CPU
		{092F1661-74BB-4B7A-8B0E-8E36691F1B74}.Debug|x86.Build.0 = Debug|Any CPU
		{092F1661-74BB-4B7A-8B0E-8E36691F1B74}.Release|Any CPU.ActiveCfg = Release|Any CPU
		{092F1661-74BB-4B7A-8B0E-8E36691F1B74}.Release|Any CPU.Build.0 = Release|Any CPU
		{092F1661-74BB-4B7A-8B0E-8E36691F1B74}.Release|x64.ActiveCfg = Release|Any CPU
		{092F1661-74BB-4B7A-8B0E-8E36691F1B74}.Release|x64.Build.0 = Release|Any CPU
		{092F1661-74BB-4B7A-8B0E-8E36691F1B74}.Release|x86.ActiveCfg = Release|Any CPU
		{092F1661-74BB-4B7A-8B0E-8E36691F1B74}.Release|x86.Build.0 = Release|Any CPU
		{24FE8881-8569-4993-8005-367F33130EBD}.Debug|Any CPU.ActiveCfg = Debug|Any CPU
		{24FE8881-8569-4993-8005-367F33130EBD}.Debug|Any CPU.Build.0 = Debug|Any CPU
		{24FE8881-8569-4993-8005-367F33130EBD}.Debug|x64.ActiveCfg = Debug|Any CPU
		{24FE8881-8569-4993-8005-367F33130EBD}.Debug|x64.Build.0 = Debug|Any CPU
		{24FE8881-8569-4993-8005-367F33130EBD}.Debug|x86.ActiveCfg = Debug|Any CPU
		{24FE8881-8569-4993-8005-367F33130EBD}.Debug|x86.Build.0 = Debug|Any CPU
		{24FE8881-8569-4993-8005-367F33130EBD}.Release|Any CPU.ActiveCfg = Release|Any CPU
		{24FE8881-8569-4993-8005-367F33130EBD}.Release|Any CPU.Build.0 = Release|Any CPU
		{24FE8881-8569-4993-8005-367F33130EBD}.Release|x64.ActiveCfg = Release|Any CPU
		{24FE8881-8569-4993-8005-367F33130EBD}.Release|x64.Build.0 = Release|Any CPU
		{24FE8881-8569-4993-8005-367F33130EBD}.Release|x86.ActiveCfg = Release|Any CPU
		{24FE8881-8569-4993-8005-367F33130EBD}.Release|x86.Build.0 = Release|Any CPU
		{588E9B8E-CF05-418F-9911-ECC7EB03154D}.Debug|Any CPU.ActiveCfg = Debug|Any CPU
		{588E9B8E-CF05-418F-9911-ECC7EB03154D}.Debug|Any CPU.Build.0 = Debug|Any CPU
		{588E9B8E-CF05-418F-9911-ECC7EB03154D}.Debug|x64.ActiveCfg = Debug|Any CPU
		{588E9B8E-CF05-418F-9911-ECC7EB03154D}.Debug|x64.Build.0 = Debug|Any CPU
		{588E9B8E-CF05-418F-9911-ECC7EB03154D}.Debug|x86.ActiveCfg = Debug|Any CPU
		{588E9B8E-CF05-418F-9911-ECC7EB03154D}.Debug|x86.Build.0 = Debug|Any CPU
		{588E9B8E-CF05-418F-9911-ECC7EB03154D}.Release|Any CPU.ActiveCfg = Release|Any CPU
		{588E9B8E-CF05-418F-9911-ECC7EB03154D}.Release|Any CPU.Build.0 = Release|Any CPU
		{588E9B8E-CF05-418F-9911-ECC7EB03154D}.Release|x64.ActiveCfg = Release|Any CPU
		{588E9B8E-CF05-418F-9911-ECC7EB03154D}.Release|x64.Build.0 = Release|Any CPU
		{588E9B8E-CF05-418F-9911-ECC7EB03154D}.Release|x86.ActiveCfg = Release|Any CPU
		{588E9B8E-CF05-418F-9911-ECC7EB03154D}.Release|x86.Build.0 = Release|Any CPU
		{C231CB81-9C04-4889-9D5E-6C79153D4C96}.Debug|Any CPU.ActiveCfg = Debug|Any CPU
		{C231CB81-9C04-4889-9D5E-6C79153D4C96}.Debug|Any CPU.Build.0 = Debug|Any CPU
		{C231CB81-9C04-4889-9D5E-6C79153D4C96}.Debug|x64.ActiveCfg = Debug|Any CPU
		{C231CB81-9C04-4889-9D5E-6C79153D4C96}.Debug|x64.Build.0 = Debug|Any CPU
		{C231CB81-9C04-4889-9D5E-6C79153D4C96}.Debug|x86.ActiveCfg = Debug|Any CPU
		{C231CB81-9C04-4889-9D5E-6C79153D4C96}.Debug|x86.Build.0 = Debug|Any CPU
		{C231CB81-9C04-4889-9D5E-6C79153D4C96}.Release|Any CPU.ActiveCfg = Release|Any CPU
		{C231CB81-9C04-4889-9D5E-6C79153D4C96}.Release|Any CPU.Build.0 = Release|Any CPU
		{C231CB81-9C04-4889-9D5E-6C79153D4C96}.Release|x64.ActiveCfg = Release|Any CPU
		{C231CB81-9C04-4889-9D5E-6C79153D4C96}.Release|x64.Build.0 = Release|Any CPU
		{C231CB81-9C04-4889-9D5E-6C79153D4C96}.Release|x86.ActiveCfg = Release|Any CPU
		{C231CB81-9C04-4889-9D5E-6C79153D4C96}.Release|x86.Build.0 = Release|Any CPU
		{6DEE9960-35A5-4FD7-AFC9-D8B0EADD0372}.Debug|Any CPU.ActiveCfg = Debug|Any CPU
		{6DEE9960-35A5-4FD7-AFC9-D8B0EADD0372}.Debug|Any CPU.Build.0 = Debug|Any CPU
		{6DEE9960-35A5-4FD7-AFC9-D8B0EADD0372}.Debug|x64.ActiveCfg = Debug|Any CPU
		{6DEE9960-35A5-4FD7-AFC9-D8B0EADD0372}.Debug|x64.Build.0 = Debug|Any CPU
		{6DEE9960-35A5-4FD7-AFC9-D8B0EADD0372}.Debug|x86.ActiveCfg = Debug|Any CPU
		{6DEE9960-35A5-4FD7-AFC9-D8B0EADD0372}.Debug|x86.Build.0 = Debug|Any CPU
		{6DEE9960-35A5-4FD7-AFC9-D8B0EADD0372}.Release|Any CPU.ActiveCfg = Release|Any CPU
		{6DEE9960-35A5-4FD7-AFC9-D8B0EADD0372}.Release|Any CPU.Build.0 = Release|Any CPU
		{6DEE9960-35A5-4FD7-AFC9-D8B0EADD0372}.Release|x64.ActiveCfg = Release|Any CPU
		{6DEE9960-35A5-4FD7-AFC9-D8B0EADD0372}.Release|x64.Build.0 = Release|Any CPU
		{6DEE9960-35A5-4FD7-AFC9-D8B0EADD0372}.Release|x86.ActiveCfg = Release|Any CPU
		{6DEE9960-35A5-4FD7-AFC9-D8B0EADD0372}.Release|x86.Build.0 = Release|Any CPU
	EndGlobalSection
	GlobalSection(SolutionProperties) = preSolution
		HideSolutionNode = FALSE
	EndGlobalSection
	GlobalSection(NestedProjects) = preSolution
		{C032EF14-8825-488F-B8CC-2EBAB4CF621F} = {F9D03BD5-4113-4FFE-9B4C-41548DF3E71A}
		{588E9B8E-CF05-418F-9911-ECC7EB03154D} = {0EAEE99C-2411-428B-B5DE-13FC8EDEC4B5}
		{6DEE9960-35A5-4FD7-AFC9-D8B0EADD0372} = {0CA342DE-0E0F-EC40-7F00-AA3E263CA2AE}
	EndGlobalSection
EndGlobal
