
Microsoft Visual Studio Solution File, Format Version 12.00
# Visual Studio Version 17
VisualStudioVersion = 17.11.35312.102
MinimumVisualStudioVersion = 10.0.40219.1
Project("{FAE04EC0-301F-11D3-BF4B-00C04F79EFBC}") = "CaseInsensitiveComparer", "CaseInsensitiveComparer\CaseInsensitiveComparer.csproj", "{9BC339C2-7335-483B-90EA-880FEBB1A753}"
EndProject
Global
	GlobalSection(SolutionConfigurationPlatforms) = preSolution
		Debug|Any CPU = Debug|Any CPU
		Release|Any CPU = Release|Any CPU
	EndGlobalSection
	GlobalSection(ProjectConfigurationPlatforms) = postSolution
		{9BC339C2-7335-483B-90EA-880FEBB1A753}.Debug|Any CPU.ActiveCfg = Debug|Any CPU
		{9BC339C2-7335-483B-90EA-880FEBB1A753}.Debug|Any CPU.Build.0 = Debug|Any CPU
		{9BC339C2-7335-483B-90EA-880FEBB1A753}.Release|Any CPU.ActiveCfg = Release|Any CPU
		{9BC339C2-7335-483B-90EA-880FEBB1A753}.Release|Any CPU.Build.0 = Release|Any CPU
	EndGlobalSection
	GlobalSection(SolutionProperties) = preSolution
		HideSolutionNode = FALSE
	EndGlobalSection
	GlobalSection(ExtensibilityGlobals) = postSolution
		SolutionGuid = {FA01F581-E1EC-4AB2-B3E6-FE1B3B8D1821}
	EndGlobalSection
EndGlobal
